
Microsoft Visual Studio Solution File, Format Version 12.00
# Visual Studio Version 16
VisualStudioVersion = 16.0.32901.82
MinimumVisualStudioVersion = 10.0.40219.1
Project("{FAE04EC0-301F-11D3-BF4B-00C04F79EFBC}") = "CuoiKy", "CuoiKy\CuoiKy.csproj", "{776BF16A-35FA-400D-A75F-1B32ABFC4A77}"
EndProject
Global
	GlobalSection(SolutionConfigurationPlatforms) = preSolution
		Debug|Any CPU = Debug|Any CPU
		Release|Any CPU = Release|Any CPU
	EndGlobalSection
	GlobalSection(ProjectConfigurationPlatforms) = postSolution
		{776BF16A-35FA-400D-A75F-1B32ABFC4A77}.Debug|Any CPU.ActiveCfg = Debug|Any CPU
		{776BF16A-35FA-400D-A75F-1B32ABFC4A77}.Debug|Any CPU.Build.0 = Debug|Any CPU
		{776BF16A-35FA-400D-A75F-1B32ABFC4A77}.Release|Any CPU.ActiveCfg = Release|Any CPU
		{776BF16A-35FA-400D-A75F-1B32ABFC4A77}.Release|Any CPU.Build.0 = Release|Any CPU
	EndGlobalSection
	GlobalSection(SolutionProperties) = preSolution
		HideSolutionNode = FALSE
	EndGlobalSection
	GlobalSection(ExtensibilityGlobals) = postSolution
		SolutionGuid = {BFAEA32A-24CB-487A-93EC-C1D95EDFBC46}
	EndGlobalSection
EndGlobal
